{
  "version": 3,
  "targets": {
    ".NETFramework,Version=v4.7.2,Profile=test": {
      "NuGet.Issue11253.PackageA/1.0.0": {
        "type": "package",
        "dependencies": {
          "NuGet.Issue11253.PackageB": "1.0.0"
        },
        "build": {
          "build/NuGet.Issue11253.PackageA.props": {}
        }
      },
      "NuGet.Issue11253.PackageB/1.0.0": {
        "type": "package",
        "build": {
          "build/NuGet.Issue11253.PackageB.props": {}
        }
      }
    }
  },
  "libraries": {
    "NuGet.Issue11253.PackageA/1.0.0": {
      "sha512": "KalBb63jfxg06Pnq6kHWgygR6+CtRAcoTlwBskkvQo++Rsnmz3k+DxQWXD8KO2FEgiWbY9JPOYmPOmQB0CvavQ==",
      "type": "package",
      "path": "nuget.issue11253.packagea/1.0.0",
      "files": [
        ".nupkg.metadata",
        "build/NuGet.Issue11253.PackageA.props",
        "build/PackageA.wxi",
        "nuget.issue11253.packagea.1.0.0.nupkg.sha512",
        "nuget.issue11253.packagea.nuspec"
      ]
    },
    "NuGet.Issue11253.PackageB/1.0.0": {
      "sha512": "gIgdsmSJXhqq1P6xaFGUxIqqozJRTAGl8OajKqACijiUhBbP/fpD2fU6OsrecO2m1WKlPTH5C9zmh4h5NsA5zQ==",
      "type": "package",
      "path": "nuget.issue11253.packageb/1.0.0",
      "files": [
        ".nupkg.metadata",
        "build/NuGet.Issue11253.PackageB.props",
        "build/PackageB.wxi",
        "nuget.issue11253.packageb.1.0.0.nupkg.sha512",
        "nuget.issue11253.packageb.nuspec"
      ]
    }
  },
  "projectFileDependencyGroups": {
    ".NETFramework,Version=v4.7.2,Profile=test": [
      "NuGet.Issue11253.PackageA >= 1.0.*"
    ]
  },
  "packageFolders": {
    "D:\\nuget\\packages\\": {},
    "C:\\Program Files (x86)\\Microsoft Visual Studio\\Shared\\NuGetPackages": {},
    "C:\\Program Files\\dotnet\\sdk\\NuGetFallbackFolder": {}
  },
  "project": {
    "version": "1.0.0",
    "restore": {
      "projectUniqueName": "D:\\temp\\nuget_issue_11253\\build.proj",
      "projectName": "build",
      "projectPath": "D:\\temp\\nuget_issue_11253\\build.proj",
      "packagesPath": "D:\\nuget\\packages\\",
      "outputPath": "D:\\temp\\nuget_issue_11253\\obj\\",
      "projectStyle": "PackageReference",
      "fallbackFolders": [
        "C:\\Program Files (x86)\\Microsoft Visual Studio\\Shared\\NuGetPackages",
        "C:\\Program Files\\dotnet\\sdk\\NuGetFallbackFolder"
      ],
      "configFilePaths": [
        "D:\\temp\\nuget_issue_11253\\NuGet.Config",
        "C:\\Users\\foo\\AppData\\Roaming\\NuGet\\NuGet.Config",
        "C:\\Program Files (x86)\\NuGet\\Config\\Microsoft.VisualStudio.FallbackLocation.config",
        "C:\\Program Files (x86)\\NuGet\\Config\\Microsoft.VisualStudio.Offline.config"
      ],
      "originalTargetFrameworks": [
        "net472-test"
      ],
      "sources": {
        "C:\\Program Files (x86)\\Microsoft SDKs\\NuGetPackages\\": {},
        "D:\\temp\\nuget_issue_11253\\packages": {},
        "https://api.nuget.org/v3/index.json": {}
      },
      "frameworks": {
        "net472-test": {
          "projectReferences": {}
        }
      }
    },
    "frameworks": {
      "net472-test": {
        "dependencies": {
          "NuGet.Issue11253.PackageA": {
            "suppressParent": "None",
            "target": "Package",
            "version": "[1.0.*, )"
          }
        }
      }
    }
  }
}